
Microsoft Visual Studio Solution File, Format Version 12.00
# Visual Studio 15
VisualStudioVersion = 15.0.27130.2036
MinimumVisualStudioVersion = 10.0.40219.1
Project("{2150E333-8FDC-42A3-9474-1A3956D46DE8}") = "Solution Items", "Solution Items", "{18380DCA-34C0-47D0-A5D8-83E5F02143FC}"
	ProjectSection(SolutionItems) = preProject
		appveyor.yml = appveyor.yml
		LICENSE = LICENSE
		README.md = README.md
	EndProjectSection
EndProject
Project("{2150E333-8FDC-42A3-9474-1A3956D46DE8}") = "documentation", "documentation", "{A97482DD-B797-4C98-A272-786B20C84CC6}"
	ProjectSection(SolutionItems) = preProject
		documentation\Count.md = documentation\Count.md
		documentation\Delete.md = documentation\Delete.md
		documentation\Get.md = documentation\Get.md
		documentation\Insert.md = documentation\Insert.md
		documentation\Update.md = documentation\Update.md
	EndProjectSection
EndProject
Project("{9A19103F-16F7-4668-BE54-9A1E7A4F7556}") = "PeregrineDb", "src\PeregrineDb\PeregrineDb.csproj", "{ACCB8BC8-9198-42BB-8018-1ED05DCFED51}"
EndProject
Project("{2150E333-8FDC-42A3-9474-1A3956D46DE8}") = "src", "src", "{BC3B9252-89F5-49D2-962C-0136DB51C499}"
EndProject
Project("{2150E333-8FDC-42A3-9474-1A3956D46DE8}") = "tests", "tests", "{1E5E193E-6331-4E69-BFB2-001D47DBD26C}"
EndProject
Project("{9A19103F-16F7-4668-BE54-9A1E7A4F7556}") = "PeregrineDb.Tests", "tests\PeregrineDb.Tests\PeregrineDb.Tests.csproj", "{A47DE7D4-CCD3-44B7-B57B-25246FA99697}"
EndProject
Global
	GlobalSection(SolutionConfigurationPlatforms) = preSolution
		Debug|Any CPU = Debug|Any CPU
		Release|Any CPU = Release|Any CPU
	EndGlobalSection
	GlobalSection(ProjectConfigurationPlatforms) = postSolution
		{ACCB8BC8-9198-42BB-8018-1ED05DCFED51}.Debug|Any CPU.ActiveCfg = Debug|Any CPU
		{ACCB8BC8-9198-42BB-8018-1ED05DCFED51}.Debug|Any CPU.Build.0 = Debug|Any CPU
		{ACCB8BC8-9198-42BB-8018-1ED05DCFED51}.Release|Any CPU.ActiveCfg = Release|Any CPU
		{ACCB8BC8-9198-42BB-8018-1ED05DCFED51}.Release|Any CPU.Build.0 = Release|Any CPU
		{A47DE7D4-CCD3-44B7-B57B-25246FA99697}.Debug|Any CPU.ActiveCfg = Debug|Any CPU
		{A47DE7D4-CCD3-44B7-B57B-25246FA99697}.Debug|Any CPU.Build.0 = Debug|Any CPU
		{A47DE7D4-CCD3-44B7-B57B-25246FA99697}.Release|Any CPU.ActiveCfg = Release|Any CPU
		{A47DE7D4-CCD3-44B7-B57B-25246FA99697}.Release|Any CPU.Build.0 = Release|Any CPU
	EndGlobalSection
	GlobalSection(SolutionProperties) = preSolution
		HideSolutionNode = FALSE
	EndGlobalSection
	GlobalSection(NestedProjects) = preSolution
		{A97482DD-B797-4C98-A272-786B20C84CC6} = {18380DCA-34C0-47D0-A5D8-83E5F02143FC}
		{ACCB8BC8-9198-42BB-8018-1ED05DCFED51} = {BC3B9252-89F5-49D2-962C-0136DB51C499}
		{A47DE7D4-CCD3-44B7-B57B-25246FA99697} = {1E5E193E-6331-4E69-BFB2-001D47DBD26C}
	EndGlobalSection
	GlobalSection(ExtensibilityGlobals) = postSolution
		SolutionGuid = {1F2455BD-6604-4879-B995-AF05A1B48969}
	EndGlobalSection
EndGlobal
